
Microsoft Visual Studio Solution File, Format Version 12.00
Project("{FAE04EC0-301F-11D3-BF4B-00C04F79EFBC}") = "ElektroFramework.Core", "ElektroFramework.Core\ElektroFramework.Core.csproj", "{32AA3078-EA42-4CC7-B06F-6A5F1F49C6BD}"
EndProject
Project("{FAE04EC0-301F-11D3-BF4B-00C04F79EFBC}") = "ElektroFramework.Northwind.Entities", "ElektroFramework.Northwind.Entities\ElektroFramework.Northwind.Entities.csproj", "{814E81B3-F85C-41EF-8351-BF13766F8977}"
EndProject
Project("{FAE04EC0-301F-11D3-BF4B-00C04F79EFBC}") = "ElektroFramework.Northwind.DataAccess", "ElektroFramework.Northwind.DataAccess\ElektroFramework.Northwind.DataAccess.csproj", "{374254D4-1A8E-4C0A-8C59-8CA57EF0940B}"
EndProject
Project("{FAE04EC0-301F-11D3-BF4B-00C04F79EFBC}") = "ElektroFramework.Northwind.Business", "ElektroFramework.Northwind.Business\ElektroFramework.Northwind.Business.csproj", "{4A6DA678-910E-4BB1-91C6-5FE2E7461A62}"
EndProject
Project("{FAE04EC0-301F-11D3-BF4B-00C04F79EFBC}") = "ElektroFramework.Northwind.MvcWebUI", "ElektroFramework.Northwind.MvcWebUI\ElektroFramework.Northwind.MvcWebUI.csproj", "{3CE896E3-05EF-43FA-BC7F-25156ABE3DF3}"
EndProject
Project("{FAE04EC0-301F-11D3-BF4B-00C04F79EFBC}") = "ElektroFramework.Northwind.MvcWebUI.Tests", "ElektroFramework.Northwind.MvcWebUI.Tests\ElektroFramework.Northwind.MvcWebUI.Tests.csproj", "{6047C28E-FAD5-4CF3-BE7B-BD60CF54D8AF}"
EndProject
Project("{FAE04EC0-301F-11D3-BF4B-00C04F79EFBC}") = "ElektroFramework.Northwind.Business.Tests", "ElektroFramework.Northwind.Business.Tests\ElektroFramework.Northwind.Business.Tests.csproj", "{7E761F25-8B7E-4E2F-8A83-53C611BA349F}"
EndProject
Project("{FAE04EC0-301F-11D3-BF4B-00C04F79EFBC}") = "ElektroFramework.Northwind.DataAccess.Tests", "ElektroFramework.Northwind.DataAccess.Tests\ElektroFramework.Northwind.DataAccess.Tests.csproj", "{9BB172F1-2264-46A3-BB53-10A3D9AD0E1A}"
EndProject
Project("{FAE04EC0-301F-11D3-BF4B-00C04F79EFBC}") = "ElektroFramework.Utilities", "ElektroFramework.Utilities\ElektroFramework.Utilities.csproj", "{6E00A9E9-B0FE-4DD5-8CBA-1BECAD317180}"
EndProject
Project("{FAE04EC0-301F-11D3-BF4B-00C04F79EFBC}") = "ElektroFrameWork.Utilities.Test", "ElektroFrameWork.Utilities.Test\ElektroFrameWork.Utilities.Test.csproj", "{A983A9CC-5E9D-4016-BF54-A0F88A38CB8C}"
EndProject
Global
	GlobalSection(SolutionConfigurationPlatforms) = preSolution
		Debug|Any CPU = Debug|Any CPU
		Release|Any CPU = Release|Any CPU
	EndGlobalSection
	GlobalSection(ProjectConfigurationPlatforms) = postSolution
		{32AA3078-EA42-4CC7-B06F-6A5F1F49C6BD}.Debug|Any CPU.ActiveCfg = Debug|Any CPU
		{32AA3078-EA42-4CC7-B06F-6A5F1F49C6BD}.Debug|Any CPU.Build.0 = Debug|Any CPU
		{32AA3078-EA42-4CC7-B06F-6A5F1F49C6BD}.Release|Any CPU.ActiveCfg = Release|Any CPU
		{32AA3078-EA42-4CC7-B06F-6A5F1F49C6BD}.Release|Any CPU.Build.0 = Release|Any CPU
		{814E81B3-F85C-41EF-8351-BF13766F8977}.Debug|Any CPU.ActiveCfg = Debug|Any CPU
		{814E81B3-F85C-41EF-8351-BF13766F8977}.Debug|Any CPU.Build.0 = Debug|Any CPU
		{814E81B3-F85C-41EF-8351-BF13766F8977}.Release|Any CPU.ActiveCfg = Release|Any CPU
		{814E81B3-F85C-41EF-8351-BF13766F8977}.Release|Any CPU.Build.0 = Release|Any CPU
		{374254D4-1A8E-4C0A-8C59-8CA57EF0940B}.Debug|Any CPU.ActiveCfg = Debug|Any CPU
		{374254D4-1A8E-4C0A-8C59-8CA57EF0940B}.Debug|Any CPU.Build.0 = Debug|Any CPU
		{374254D4-1A8E-4C0A-8C59-8CA57EF0940B}.Release|Any CPU.ActiveCfg = Release|Any CPU
		{374254D4-1A8E-4C0A-8C59-8CA57EF0940B}.Release|Any CPU.Build.0 = Release|Any CPU
		{4A6DA678-910E-4BB1-91C6-5FE2E7461A62}.Debug|Any CPU.ActiveCfg = Debug|Any CPU
		{4A6DA678-910E-4BB1-91C6-5FE2E7461A62}.Debug|Any CPU.Build.0 = Debug|Any CPU
		{4A6DA678-910E-4BB1-91C6-5FE2E7461A62}.Release|Any CPU.ActiveCfg = Release|Any CPU
		{4A6DA678-910E-4BB1-91C6-5FE2E7461A62}.Release|Any CPU.Build.0 = Release|Any CPU
		{3CE896E3-05EF-43FA-BC7F-25156ABE3DF3}.Debug|Any CPU.ActiveCfg = Debug|Any CPU
		{3CE896E3-05EF-43FA-BC7F-25156ABE3DF3}.Debug|Any CPU.Build.0 = Debug|Any CPU
		{3CE896E3-05EF-43FA-BC7F-25156ABE3DF3}.Release|Any CPU.ActiveCfg = Release|Any CPU
		{3CE896E3-05EF-43FA-BC7F-25156ABE3DF3}.Release|Any CPU.Build.0 = Release|Any CPU
		{6047C28E-FAD5-4CF3-BE7B-BD60CF54D8AF}.Debug|Any CPU.ActiveCfg = Debug|Any CPU
		{6047C28E-FAD5-4CF3-BE7B-BD60CF54D8AF}.Debug|Any CPU.Build.0 = Debug|Any CPU
		{6047C28E-FAD5-4CF3-BE7B-BD60CF54D8AF}.Release|Any CPU.ActiveCfg = Release|Any CPU
		{6047C28E-FAD5-4CF3-BE7B-BD60CF54D8AF}.Release|Any CPU.Build.0 = Release|Any CPU
		{7E761F25-8B7E-4E2F-8A83-53C611BA349F}.Debug|Any CPU.ActiveCfg = Debug|Any CPU
		{7E761F25-8B7E-4E2F-8A83-53C611BA349F}.Debug|Any CPU.Build.0 = Debug|Any CPU
		{7E761F25-8B7E-4E2F-8A83-53C611BA349F}.Release|Any CPU.ActiveCfg = Release|Any CPU
		{7E761F25-8B7E-4E2F-8A83-53C611BA349F}.Release|Any CPU.Build.0 = Release|Any CPU
		{9BB172F1-2264-46A3-BB53-10A3D9AD0E1A}.Debug|Any CPU.ActiveCfg = Debug|Any CPU
		{9BB172F1-2264-46A3-BB53-10A3D9AD0E1A}.Debug|Any CPU.Build.0 = Debug|Any CPU
		{9BB172F1-2264-46A3-BB53-10A3D9AD0E1A}.Release|Any CPU.ActiveCfg = Release|Any CPU
		{9BB172F1-2264-46A3-BB53-10A3D9AD0E1A}.Release|Any CPU.Build.0 = Release|Any CPU
		{6E00A9E9-B0FE-4DD5-8CBA-1BECAD317180}.Debug|Any CPU.ActiveCfg = Debug|Any CPU
		{6E00A9E9-B0FE-4DD5-8CBA-1BECAD317180}.Debug|Any CPU.Build.0 = Debug|Any CPU
		{6E00A9E9-B0FE-4DD5-8CBA-1BECAD317180}.Release|Any CPU.ActiveCfg = Release|Any CPU
		{6E00A9E9-B0FE-4DD5-8CBA-1BECAD317180}.Release|Any CPU.Build.0 = Release|Any CPU
		{A983A9CC-5E9D-4016-BF54-A0F88A38CB8C}.Debug|Any CPU.ActiveCfg = Debug|Any CPU
		{A983A9CC-5E9D-4016-BF54-A0F88A38CB8C}.Debug|Any CPU.Build.0 = Debug|Any CPU
		{A983A9CC-5E9D-4016-BF54-A0F88A38CB8C}.Release|Any CPU.ActiveCfg = Release|Any CPU
		{A983A9CC-5E9D-4016-BF54-A0F88A38CB8C}.Release|Any CPU.Build.0 = Release|Any CPU
	EndGlobalSection
EndGlobal
